
Microsoft Visual Studio Solution File, Format Version 12.00
# Visual Studio 15
VisualStudioVersion = 15.0.26403.3
MinimumVisualStudioVersion = 10.0.40219.1
Project("{2150E333-8FDC-42A3-9474-1A3956D46DE8}") = "src", "src", "{F820D2E2-6C9C-4165-9C13-C77B2737A5AC}"
EndProject
Project("{9A19103F-16F7-4668-BE54-9A1E7A4F7556}") = "Castle.Core.AsyncInterceptor", "src\Castle.Core.AsyncInterceptor\Castle.Core.AsyncInterceptor.csproj", "{51BA6816-5FDB-4AE7-A473-4C5CF1C1FAF4}"
EndProject
Project("{2150E333-8FDC-42A3-9474-1A3956D46DE8}") = "test", "test", "{CE54F76E-8913-4BBA-ADF3-A50777F55419}"
EndProject
Project("{9A19103F-16F7-4668-BE54-9A1E7A4F7556}") = "Castle.Core.AsyncInterceptor.TestsCore", "test\Castle.Core.AsyncInterceptor.Tests\Castle.Core.AsyncInterceptor.TestsCore.csproj", "{25AAC675-D2A0-4D20-97C8-FF1E28307E6E}"
EndProject
Global
	GlobalSection(SolutionConfigurationPlatforms) = preSolution
		Debug|Any CPU = Debug|Any CPU
		Release|Any CPU = Release|Any CPU
	EndGlobalSection
	GlobalSection(ProjectConfigurationPlatforms) = postSolution
		{51BA6816-5FDB-4AE7-A473-4C5CF1C1FAF4}.Debug|Any CPU.ActiveCfg = Debug|Any CPU
		{51BA6816-5FDB-4AE7-A473-4C5CF1C1FAF4}.Debug|Any CPU.Build.0 = Debug|Any CPU
		{51BA6816-5FDB-4AE7-A473-4C5CF1C1FAF4}.Release|Any CPU.ActiveCfg = Release|Any CPU
		{51BA6816-5FDB-4AE7-A473-4C5CF1C1FAF4}.Release|Any CPU.Build.0 = Release|Any CPU
		{25AAC675-D2A0-4D20-97C8-FF1E28307E6E}.Debug|Any CPU.ActiveCfg = Debug|Any CPU
		{25AAC675-D2A0-4D20-97C8-FF1E28307E6E}.Debug|Any CPU.Build.0 = Debug|Any CPU
		{25AAC675-D2A0-4D20-97C8-FF1E28307E6E}.Release|Any CPU.ActiveCfg = Release|Any CPU
		{25AAC675-D2A0-4D20-97C8-FF1E28307E6E}.Release|Any CPU.Build.0 = Release|Any CPU
	EndGlobalSection
	GlobalSection(SolutionProperties) = preSolution
		HideSolutionNode = FALSE
	EndGlobalSection
	GlobalSection(NestedProjects) = preSolution
		{51BA6816-5FDB-4AE7-A473-4C5CF1C1FAF4} = {F820D2E2-6C9C-4165-9C13-C77B2737A5AC}
		{25AAC675-D2A0-4D20-97C8-FF1E28307E6E} = {CE54F76E-8913-4BBA-ADF3-A50777F55419}
	EndGlobalSection
EndGlobal
